
Microsoft Visual Studio Solution File, Format Version 12.00
# Visual Studio 15
VisualStudioVersion = 15.0.28307.852
MinimumVisualStudioVersion = 10.0.40219.1
Project("{FAE04EC0-301F-11D3-BF4B-00C04F79EFBC}") = "gh_sap", "gh_sap\gh_sap.csproj", "{DAE18A0E-3805-4001-9C84-C610DB8B541A}"
EndProject
Global
	GlobalSection(SolutionConfigurationPlatforms) = preSolution
		Debug|Any CPU = Debug|Any CPU
		Release|Any CPU = Release|Any CPU
	EndGlobalSection
	GlobalSection(ProjectConfigurationPlatforms) = postSolution
		{DAE18A0E-3805-4001-9C84-C610DB8B541A}.Debug|Any CPU.ActiveCfg = Debug|Any CPU
		{DAE18A0E-3805-4001-9C84-C610DB8B541A}.Debug|Any CPU.Build.0 = Debug|Any CPU
		{DAE18A0E-3805-4001-9C84-C610DB8B541A}.Release|Any CPU.ActiveCfg = Release|Any CPU
		{DAE18A0E-3805-4001-9C84-C610DB8B541A}.Release|Any CPU.Build.0 = Release|Any CPU
	EndGlobalSection
	GlobalSection(SolutionProperties) = preSolution
		HideSolutionNode = FALSE
	EndGlobalSection
	GlobalSection(ExtensibilityGlobals) = postSolution
		SolutionGuid = {938E3C27-A747-4B14-8776-263F4F129D35}
	EndGlobalSection
EndGlobal
